
Microsoft Visual Studio Solution File, Format Version 12.00
# Visual Studio Version 17
VisualStudioVersion = 17.7.34009.444
MinimumVisualStudioVersion = 10.0.40219.1
Project("{8BC9CEB8-8B4A-11D0-8D11-00A0C91BC942}") = "GoldenSaber", "GoldenSaber\GoldenSaber.vcxproj", "{E9308897-B0FB-4C33-B596-DF38AD364E25}"
EndProject
Project("{2150E333-8FDC-42A3-9474-1A3956D46DE8}") = "Misc", "Misc", "{28B32D9A-FE22-44C1-AAE7-C23B1E5F7F1F}"
	ProjectSection(SolutionItems) = preProject
		.clang-format = .clang-format
		.gitignore = .gitignore
		compile_shaders.bat = compile_shaders.bat
		README.md = README.md
	EndProjectSection
EndProject
Global
	GlobalSection(SolutionConfigurationPlatforms) = preSolution
		Debug|x64 = Debug|x64
		Release|x64 = Release|x64
	EndGlobalSection
	GlobalSection(ProjectConfigurationPlatforms) = postSolution
		{E9308897-B0FB-4C33-B596-DF38AD364E25}.Debug|x64.ActiveCfg = Debug|x64
		{E9308897-B0FB-4C33-B596-DF38AD364E25}.Debug|x64.Build.0 = Debug|x64
		{E9308897-B0FB-4C33-B596-DF38AD364E25}.Release|x64.ActiveCfg = Release|x64
		{E9308897-B0FB-4C33-B596-DF38AD364E25}.Release|x64.Build.0 = Release|x64
	EndGlobalSection
	GlobalSection(SolutionProperties) = preSolution
		HideSolutionNode = FALSE
	EndGlobalSection
	GlobalSection(ExtensibilityGlobals) = postSolution
		SolutionGuid = {596DC05F-67FE-4F34-BD7E-FC2E6E67DB7D}
	EndGlobalSection
EndGlobal
